
Microsoft Visual Studio Solution File, Format Version 10.00
# Visual Studio 2008
Project("{FAE04EC0-301F-11D3-BF4B-00C04F79EFBC}") = "Nevron.Examples.Chart.WinForm.VS2008", "Nevron.Examples.Chart.WinForm.VS2008.csproj", "{2ED91DC7-AF53-4EB4-85CF-A9A6DE0044A0}"
EndProject
Global
	GlobalSection(SolutionConfigurationPlatforms) = preSolution
		Debug|Any CPU = Debug|Any CPU
		Release|Any CPU = Release|Any CPU
	EndGlobalSection
	GlobalSection(ProjectConfigurationPlatforms) = postSolution
		{2ED91DC7-AF53-4EB4-85CF-A9A6DE0044A0}.Debug|Any CPU.ActiveCfg = Debug|Any CPU
		{2ED91DC7-AF53-4EB4-85CF-A9A6DE0044A0}.Debug|Any CPU.Build.0 = Debug|Any CPU
		{2ED91DC7-AF53-4EB4-85CF-A9A6DE0044A0}.Release|Any CPU.ActiveCfg = Release|Any CPU
		{2ED91DC7-AF53-4EB4-85CF-A9A6DE0044A0}.Release|Any CPU.Build.0 = Release|Any CPU
	EndGlobalSection
	GlobalSection(SolutionProperties) = preSolution
		HideSolutionNode = FALSE
	EndGlobalSection
EndGlobal
