Microsoft Visual Studio Solution File, Format Version 11.00
# Visual Studio 2010
Project("{E24C65DC-7377-472B-9ABA-BC803B73C61A}") = "DiagramVBNet", ".", "{C5CBF46B-6A6D-457D-82D1-EE5F0B30AA54}"
	ProjectSection(WebsiteProperties) = preProject
		TargetFrameworkMoniker = ".NETFramework,Version%3Dv4.0"
		ProjectReferences = ""
		Debug.AspNetCompiler.VirtualPath = "/DiagramWebFormVS2005"
		Debug.AspNetCompiler.PhysicalPath = "..\DiagramVBNet\"
		Debug.AspNetCompiler.TargetPath = "PrecompiledWeb\DiagramWebFormVS2005\"
		Debug.AspNetCompiler.Updateable = "true"
		Debug.AspNetCompiler.ForceOverwrite = "true"
		Debug.AspNetCompiler.FixedNames = "false"
		Debug.AspNetCompiler.Debug = "True"
		Release.AspNetCompiler.VirtualPath = "/DiagramWebFormVS2005"
		Release.AspNetCompiler.PhysicalPath = "..\DiagramVBNet\"
		Release.AspNetCompiler.TargetPath = "PrecompiledWeb\DiagramWebFormVS2005\"
		Release.AspNetCompiler.Updateable = "true"
		Release.AspNetCompiler.ForceOverwrite = "true"
		Release.AspNetCompiler.FixedNames = "false"
		Release.AspNetCompiler.Debug = "False"
		VWDPort = "49969"
	EndProjectSection
EndProject
Project("{2150E333-8FDC-42A3-9474-1A3956D46DE8}") = "Solution Items", "Solution Items", "{A78CDA67-33B6-4AFC-862A-D375726222CC}"
EndProject
Global
	GlobalSection(SolutionConfigurationPlatforms) = preSolution
		Debug|.NET = Debug|.NET
		Debug|Any CPU = Debug|Any CPU
		Debug|Mixed Platforms = Debug|Mixed Platforms
		Release|.NET = Release|.NET
		Release|Any CPU = Release|Any CPU
		Release|Mixed Platforms = Release|Mixed Platforms
	EndGlobalSection
	GlobalSection(ProjectConfigurationPlatforms) = postSolution
		{C5CBF46B-6A6D-457D-82D1-EE5F0B30AA54}.Debug|.NET.ActiveCfg = Debug|.NET
		{C5CBF46B-6A6D-457D-82D1-EE5F0B30AA54}.Debug|.NET.Build.0 = Debug|.NET
		{C5CBF46B-6A6D-457D-82D1-EE5F0B30AA54}.Debug|Any CPU.ActiveCfg = Debug|.NET
		{C5CBF46B-6A6D-457D-82D1-EE5F0B30AA54}.Debug|Mixed Platforms.ActiveCfg = Debug|.NET
		{C5CBF46B-6A6D-457D-82D1-EE5F0B30AA54}.Debug|Mixed Platforms.Build.0 = Debug|.NET
		{C5CBF46B-6A6D-457D-82D1-EE5F0B30AA54}.Release|.NET.ActiveCfg = Debug|.NET
		{C5CBF46B-6A6D-457D-82D1-EE5F0B30AA54}.Release|.NET.Build.0 = Debug|.NET
		{C5CBF46B-6A6D-457D-82D1-EE5F0B30AA54}.Release|Any CPU.ActiveCfg = Debug|.NET
		{C5CBF46B-6A6D-457D-82D1-EE5F0B30AA54}.Release|Mixed Platforms.ActiveCfg = Debug|.NET
		{C5CBF46B-6A6D-457D-82D1-EE5F0B30AA54}.Release|Mixed Platforms.Build.0 = Debug|.NET
	EndGlobalSection
	GlobalSection(SolutionProperties) = preSolution
		HideSolutionNode = FALSE
	EndGlobalSection
EndGlobal
