
Microsoft Visual Studio Solution File, Format Version 12.00
# Visual Studio Version 16
VisualStudioVersion = 16.0.31410.357
MinimumVisualStudioVersion = 10.0.40219.1
Project("{F184B08F-C81C-45F6-A57F-5ABD9991F28F}") = "Nevron.Examples.Chart.WinForm", "Nevron.Examples.Chart.WinForm.vbproj", "{2ED91DC7-AF53-4EB4-85CF-A9A6DE0044A0}"
EndProject
Global
	GlobalSection(SolutionConfigurationPlatforms) = preSolution
		Debug|Any CPU = Debug|Any CPU
		Release|Any CPU = Release|Any CPU
	EndGlobalSection
	GlobalSection(ProjectConfigurationPlatforms) = postSolution
		{2ED91DC7-AF53-4EB4-85CF-A9A6DE0044A0}.Debug|Any CPU.ActiveCfg = Debug|Any CPU
		{2ED91DC7-AF53-4EB4-85CF-A9A6DE0044A0}.Debug|Any CPU.Build.0 = Debug|Any CPU
		{2ED91DC7-AF53-4EB4-85CF-A9A6DE0044A0}.Release|Any CPU.ActiveCfg = Release|Any CPU
		{2ED91DC7-AF53-4EB4-85CF-A9A6DE0044A0}.Release|Any CPU.Build.0 = Release|Any CPU
	EndGlobalSection
	GlobalSection(SolutionProperties) = preSolution
		HideSolutionNode = FALSE
	EndGlobalSection
	GlobalSection(ExtensibilityGlobals) = postSolution
		SolutionGuid = {C2295996-E31F-4C89-B00C-BF5AC7020CF1}
	EndGlobalSection
EndGlobal
