
Microsoft Visual Studio Solution File, Format Version 12.00
# Visual Studio 14
VisualStudioVersion = 14.0.25420.1
MinimumVisualStudioVersion = 10.0.40219.1
Project("{FAE04EC0-301F-11D3-BF4B-00C04F79EFBC}") = "Nevron.Examples.Diagram.WinForm.VS2012", "Nevron.Examples.Diagram.WinForm.VS2012.csproj", "{AB76357B-BDC4-46FB-8060-964B31AF941F}"
EndProject
Global
	GlobalSection(SolutionConfigurationPlatforms) = preSolution
		Debug|Any CPU = Debug|Any CPU
		Release|Any CPU = Release|Any CPU
	EndGlobalSection
	GlobalSection(ProjectConfigurationPlatforms) = postSolution
		{AB76357B-BDC4-46FB-8060-964B31AF941F}.Debug|Any CPU.ActiveCfg = Debug|Any CPU
		{AB76357B-BDC4-46FB-8060-964B31AF941F}.Debug|Any CPU.Build.0 = Debug|Any CPU
		{AB76357B-BDC4-46FB-8060-964B31AF941F}.Release|Any CPU.ActiveCfg = Release|Any CPU
		{AB76357B-BDC4-46FB-8060-964B31AF941F}.Release|Any CPU.Build.0 = Release|Any CPU
	EndGlobalSection
	GlobalSection(SolutionProperties) = preSolution
		HideSolutionNode = FALSE
	EndGlobalSection
EndGlobal
