
Microsoft Visual Studio Solution File, Format Version 12.00
# Visual Studio 14
VisualStudioVersion = 14.0.23107.0
MinimumVisualStudioVersion = 10.0.40219.1
Project("{FAE04EC0-301F-11D3-BF4B-00C04F79EFBC}") = "Nevron.Examples.Diagram.WinForm.VS2015", "Nevron.Examples.Diagram.WinForm.VS2015.csproj", "{DC77D3A2-2AC6-4EB1-B2B4-EC1260B7E442}"
EndProject
Global
	GlobalSection(SolutionConfigurationPlatforms) = preSolution
		Debug|Any CPU = Debug|Any CPU
		Release|Any CPU = Release|Any CPU
	EndGlobalSection
	GlobalSection(ProjectConfigurationPlatforms) = postSolution
		{DC77D3A2-2AC6-4EB1-B2B4-EC1260B7E442}.Debug|Any CPU.ActiveCfg = Debug|Any CPU
		{DC77D3A2-2AC6-4EB1-B2B4-EC1260B7E442}.Debug|Any CPU.Build.0 = Debug|Any CPU
		{DC77D3A2-2AC6-4EB1-B2B4-EC1260B7E442}.Release|Any CPU.ActiveCfg = Release|Any CPU
		{DC77D3A2-2AC6-4EB1-B2B4-EC1260B7E442}.Release|Any CPU.Build.0 = Release|Any CPU
	EndGlobalSection
	GlobalSection(SolutionProperties) = preSolution
		HideSolutionNode = FALSE
	EndGlobalSection
EndGlobal
