Microsoft Visual Studio Solution File, Format Version 10.00
# Visual Studio 2008
Project("{E24C65DC-7377-472B-9ABA-BC803B73C61A}") = "WebFormVS2005", "..\WebFormVS2005", "{2B52B3D5-1251-403A-A2A8-1747ED106998}"
	ProjectSection(WebsiteProperties) = preProject
		TargetFramework = "3.5"
		Debug.AspNetCompiler.VirtualPath = "/ChartWebFormVS2005CSharp"
		Debug.AspNetCompiler.PhysicalPath = "..\WebFormVS2005\"
		Debug.AspNetCompiler.TargetPath = "PrecompiledWeb\ChartWebFormVS2005CSharp\"
		Debug.AspNetCompiler.Updateable = "true"
		Debug.AspNetCompiler.ForceOverwrite = "true"
		Debug.AspNetCompiler.FixedNames = "false"
		Debug.AspNetCompiler.Debug = "True"
		Release.AspNetCompiler.VirtualPath = "/ChartWebFormVS2005CSharp"
		Release.AspNetCompiler.PhysicalPath = "..\WebFormVS2005\"
		Release.AspNetCompiler.TargetPath = "PrecompiledWeb\ChartWebFormVS2005CSharp\"
		Release.AspNetCompiler.Updateable = "true"
		Release.AspNetCompiler.ForceOverwrite = "true"
		Release.AspNetCompiler.FixedNames = "false"
		Release.AspNetCompiler.Debug = "False"
		VWDPort = "31134"
	EndProjectSection
EndProject
Global
	GlobalSection(SolutionConfigurationPlatforms) = preSolution
		Debug|.NET = Debug|.NET
		Release|.NET = Release|.NET
	EndGlobalSection
	GlobalSection(ProjectConfigurationPlatforms) = postSolution
		{2B52B3D5-1251-403A-A2A8-1747ED106998}.Debug|.NET.ActiveCfg = Debug|.NET
		{2B52B3D5-1251-403A-A2A8-1747ED106998}.Debug|.NET.Build.0 = Debug|.NET
		{2B52B3D5-1251-403A-A2A8-1747ED106998}.Release|.NET.ActiveCfg = Debug|.NET
		{2B52B3D5-1251-403A-A2A8-1747ED106998}.Release|.NET.Build.0 = Debug|.NET
	EndGlobalSection
	GlobalSection(SolutionProperties) = preSolution
		HideSolutionNode = FALSE
	EndGlobalSection
EndGlobal
