
Microsoft Visual Studio Solution File, Format Version 11.00
# Visual Studio 2010
Project("{F184B08F-C81C-45F6-A57F-5ABD9991F28F}") = "Nevron.Examples.UI.WinForm.VS2010", "Nevron.Examples.UI.WinForm.VS2010.vbproj", "{FA2F5EC7-891C-468A-AB7C-5B4A869E9623}"
EndProject
Global
	GlobalSection(SolutionConfigurationPlatforms) = preSolution
		Debug|Any CPU = Debug|Any CPU
		Release|Any CPU = Release|Any CPU
	EndGlobalSection
	GlobalSection(ProjectConfigurationPlatforms) = postSolution
		{FA2F5EC7-891C-468A-AB7C-5B4A869E9623}.Debug|Any CPU.ActiveCfg = Debug|Any CPU
		{FA2F5EC7-891C-468A-AB7C-5B4A869E9623}.Debug|Any CPU.Build.0 = Debug|Any CPU
		{FA2F5EC7-891C-468A-AB7C-5B4A869E9623}.Release|Any CPU.ActiveCfg = Release|Any CPU
		{FA2F5EC7-891C-468A-AB7C-5B4A869E9623}.Release|Any CPU.Build.0 = Release|Any CPU
	EndGlobalSection
	GlobalSection(SolutionProperties) = preSolution
		HideSolutionNode = FALSE
	EndGlobalSection
EndGlobal
