
Microsoft Visual Studio Solution File, Format Version 10.00
# Visual Studio 2008
Project("{FAE04EC0-301F-11D3-BF4B-00C04F79EFBC}") = "Nevron.Examples.UI.WinForm.VS2008", "Nevron.Examples.UI.WinForm.VS2008.csproj", "{FA2F5EC7-891C-468A-AB7C-5B4A869E9623}"
EndProject
Global
	GlobalSection(SolutionConfigurationPlatforms) = preSolution
		Debug|Any CPU = Debug|Any CPU
		Release|Any CPU = Release|Any CPU
	EndGlobalSection
	GlobalSection(ProjectConfigurationPlatforms) = postSolution
		{FA2F5EC7-891C-468A-AB7C-5B4A869E9623}.Debug|Any CPU.ActiveCfg = Debug|Any CPU
		{FA2F5EC7-891C-468A-AB7C-5B4A869E9623}.Debug|Any CPU.Build.0 = Debug|Any CPU
		{FA2F5EC7-891C-468A-AB7C-5B4A869E9623}.Release|Any CPU.ActiveCfg = Release|Any CPU
		{FA2F5EC7-891C-468A-AB7C-5B4A869E9623}.Release|Any CPU.Build.0 = Release|Any CPU
	EndGlobalSection
	GlobalSection(SolutionProperties) = preSolution
		HideSolutionNode = FALSE
	EndGlobalSection
EndGlobal
