
Microsoft Visual Studio Solution File, Format Version 11.00
# Visual Studio 2010
Project("{FAE04EC0-301F-11D3-BF4B-00C04F79EFBC}") = "Nevron.Examples.Chart.Mvc.VS2010", "Nevron.Examples.Chart.Mvc.VS2010.csproj", "{1495FAFF-7192-4750-9F34-E1BC99D70237}"
EndProject
Global
	GlobalSection(SolutionConfigurationPlatforms) = preSolution
		Debug|Any CPU = Debug|Any CPU
		Release|Any CPU = Release|Any CPU
	EndGlobalSection
	GlobalSection(ProjectConfigurationPlatforms) = postSolution
		{1495FAFF-7192-4750-9F34-E1BC99D70237}.Debug|Any CPU.ActiveCfg = Debug|Any CPU
		{1495FAFF-7192-4750-9F34-E1BC99D70237}.Debug|Any CPU.Build.0 = Debug|Any CPU
		{1495FAFF-7192-4750-9F34-E1BC99D70237}.Release|Any CPU.ActiveCfg = Release|Any CPU
		{1495FAFF-7192-4750-9F34-E1BC99D70237}.Release|Any CPU.Build.0 = Release|Any CPU
	EndGlobalSection
	GlobalSection(SolutionProperties) = preSolution
		HideSolutionNode = FALSE
	EndGlobalSection
EndGlobal
